{
  "nodes": {
    "jellyfin-desktop-src": {
      "flake": false,
      "locked": {
        "lastModified": 1781395354,
        "narHash": "sha256-xXLhfqLgGKu0i1VWW3ldmwI9wrfxUvDrpDjwgLmhz7g=",
        "ref": "refs/heads/main",
        "rev": "7ecfcdf816d5221e14a511d10c51d131b7f82249",
        "revCount": 1010,
        "submodules": true,
        "type": "git",
        "url": "https://github.com/jellyfin/jellyfin-desktop.git"
      },
      "original": {
        "submodules": true,
        "type": "git",
        "url": "https://github.com/jellyfin/jellyfin-desktop.git"
      }
    },
    "nixpkgs": {
      "locked": {
        "lastModified": 1781074563,
        "narHash": "sha256-md8WlXOlfnIeHeOScMTTHFyf2d6iaTwPl2apR5EQ3P4=",
        "owner": "NixOS",
        "repo": "nixpkgs",
        "rev": "9ae611a455b90cf061d8f332b977e387bda8e1ca",
        "type": "github"
      },
      "original": {
        "owner": "NixOS",
        "ref": "nixos-unstable",
        "repo": "nixpkgs",
        "type": "github"
      }
    },
    "root": {
      "inputs": {
        "jellyfin-desktop-src": "jellyfin-desktop-src",
        "nixpkgs": "nixpkgs"
      }
    }
  },
  "root": "root",
  "version": 7
}
