{
  "nodes": {
    "jellyfin-desktop-src": {
      "flake": false,
      "locked": {
        "lastModified": 1782153534,
        "narHash": "sha256-Qdkteaia96kPsOwDO729j7f2JyidflivMkkCndE+8l8=",
        "ref": "refs/heads/main",
        "rev": "04fae1c9530683cd917478370c6a584d863c5257",
        "revCount": 1024,
        "submodules": true,
        "type": "git",
        "url": "https://github.com/jellyfin/jellyfin-desktop.git"
      },
      "original": {
        "submodules": true,
        "type": "git",
        "url": "https://github.com/jellyfin/jellyfin-desktop.git"
      }
    },
    "nixpkgs": {
      "locked": {
        "lastModified": 1781577229,
        "narHash": "sha256-lrp67w8AulE9Ks53n27I45ADSzbOCn4H+CNW1Ck8B+8=",
        "owner": "NixOS",
        "repo": "nixpkgs",
        "rev": "567a49d1913ce81ac6e9582e3553dd90a955875f",
        "type": "github"
      },
      "original": {
        "owner": "NixOS",
        "ref": "nixos-unstable",
        "repo": "nixpkgs",
        "type": "github"
      }
    },
    "root": {
      "inputs": {
        "jellyfin-desktop-src": "jellyfin-desktop-src",
        "nixpkgs": "nixpkgs"
      }
    }
  },
  "root": "root",
  "version": 7
}
